
Microsoft Visual Studio Solution File, Format Version 12.00
# Visual Studio Version 17
VisualStudioVersion = 17.0.32014.148
MinimumVisualStudioVersion = 10.0.40219.1
Project("{FAE04EC0-301F-11D3-BF4B-00C04F79EFBC}") = "Variables_Exercise", "Variables_Exercise.csproj", "{F6E00F09-BB6E-4794-8726-C4960D50E397}"
EndProject
Global
	GlobalSection(SolutionConfigurationPlatforms) = preSolution
		Debug|Any CPU = Debug|Any CPU
		Release|Any CPU = Release|Any CPU
	EndGlobalSection
	GlobalSection(ProjectConfigurationPlatforms) = postSolution
		{F6E00F09-BB6E-4794-8726-C4960D50E397}.Debug|Any CPU.ActiveCfg = Debug|Any CPU
		{F6E00F09-BB6E-4794-8726-C4960D50E397}.Debug|Any CPU.Build.0 = Debug|Any CPU
		{F6E00F09-BB6E-4794-8726-C4960D50E397}.Release|Any CPU.ActiveCfg = Release|Any CPU
		{F6E00F09-BB6E-4794-8726-C4960D50E397}.Release|Any CPU.Build.0 = Release|Any CPU
	EndGlobalSection
	GlobalSection(SolutionProperties) = preSolution
		HideSolutionNode = FALSE
	EndGlobalSection
	GlobalSection(ExtensibilityGlobals) = postSolution
		SolutionGuid = {6958125F-E016-4A21-BCB0-51619AFC75ED}
	EndGlobalSection
EndGlobal
